schema: '2.0'
stages:
  load_data:
    cmd: python src/load.py --config=params.yaml
    deps:
    - path: dataset/winequality.csv
      hash: md5
      md5: ccc8d3507eb151f53f760d36abdef888
      size: 91998
    - path: src/data.py
      hash: md5
      md5: c24bbdbfceb198fb9c5e1b5490ff990d
      size: 633
    - path: src/load.py
      hash: md5
      md5: ce2ea47f5c6cf867f048749e9c8c5cec
      size: 589
    outs:
    - path: data/raw/winequality.csv
      hash: md5
      md5: 069b522b0321bc25a626ceeffcb8eb44
      size: 93598
  split_data:
    cmd: python src/split.py --config=params.yaml
    deps:
    - path: data/raw/winequality.csv
      hash: md5
      md5: 069b522b0321bc25a626ceeffcb8eb44
      size: 93598
    - path: src/split.py
      hash: md5
      md5: 0258a48d7fd7c61ad59b53b3e1ef2bcb
      size: 1036
    outs:
    - path: data/processed/test_winequality.csv
      hash: md5
      md5: ee3284843265e5855bc07dd6427ab1c2
      size: 18831
    - path: data/processed/train_winequality.csv
      hash: md5
      md5: 81dce00e053ba5ebabeacf8e7dca537a
      size: 74913
  train_and_evaluate:
    cmd: python src/train.py --config=params.yaml
    deps:
    - path: data/processed/test_winequality.csv
      hash: md5
      md5: ee3284843265e5855bc07dd6427ab1c2
      size: 18831
    - path: data/processed/train_winequality.csv
      hash: md5
      md5: 81dce00e053ba5ebabeacf8e7dca537a
      size: 74913
    - path: src/train.py
      hash: md5
      md5: c778fbe010e8af9b74d66572f70d123c
      size: 2497
    params:
      params.yaml:
        estimators.ElasticNet.params.alpha: 0.88
        estimators.ElasticNet.params.l1_ratio: 0.89
    outs:
    - path: model/model.joblib
      hash: md5
      md5: f0219491b1b5507222781c869acae403
      size: 1279
    - path: report/params.json
      hash: md5
      md5: 755b8fd0b91a91aa84d16d6699480af6
      size: 46
    - path: report/result.json
      hash: md5
      md5: 817cef279a79e424cdff9c3aeaa68d6e
      size: 100
